
Microsoft Visual Studio Solution File, Format Version 12.00
# Visual Studio Version 16
VisualStudioVersion = 16.0.31613.86
MinimumVisualStudioVersion = 10.0.40219.1
Project("{FAE04EC0-301F-11D3-BF4B-00C04F79EFBC}") = "KostivVolodymyr.RobotChallenge", "KostivVolodymyr.RobotChallenge.csproj", "{559A2BCE-C48C-40D3-BCE3-163378E5D6C4}"
EndProject
Project("{FAE04EC0-301F-11D3-BF4B-00C04F79EFBC}") = "KostivVolodymyr.RobotChallenge.Tests", "..\KostivVolodymyr.RobotChallenge.Tests\KostivVolodymyr.RobotChallenge.Tests.csproj", "{81906C0C-F706-4E52-B8BE-6578472D645E}"
EndProject
Global
	GlobalSection(SolutionConfigurationPlatforms) = preSolution
		Debug|Any CPU = Debug|Any CPU
		Release|Any CPU = Release|Any CPU
	EndGlobalSection
	GlobalSection(ProjectConfigurationPlatforms) = postSolution
		{559A2BCE-C48C-40D3-BCE3-163378E5D6C4}.Debug|Any CPU.ActiveCfg = Debug|Any CPU
		{559A2BCE-C48C-40D3-BCE3-163378E5D6C4}.Debug|Any CPU.Build.0 = Debug|Any CPU
		{559A2BCE-C48C-40D3-BCE3-163378E5D6C4}.Release|Any CPU.ActiveCfg = Release|Any CPU
		{559A2BCE-C48C-40D3-BCE3-163378E5D6C4}.Release|Any CPU.Build.0 = Release|Any CPU
		{81906C0C-F706-4E52-B8BE-6578472D645E}.Debug|Any CPU.ActiveCfg = Debug|Any CPU
		{81906C0C-F706-4E52-B8BE-6578472D645E}.Debug|Any CPU.Build.0 = Debug|Any CPU
		{81906C0C-F706-4E52-B8BE-6578472D645E}.Release|Any CPU.ActiveCfg = Release|Any CPU
		{81906C0C-F706-4E52-B8BE-6578472D645E}.Release|Any CPU.Build.0 = Release|Any CPU
	EndGlobalSection
	GlobalSection(SolutionProperties) = preSolution
		HideSolutionNode = FALSE
	EndGlobalSection
	GlobalSection(ExtensibilityGlobals) = postSolution
		SolutionGuid = {2F644962-D3FD-4FD6-B117-E07A8E256BA5}
	EndGlobalSection
EndGlobal
